
Microsoft Visual Studio Solution File, Format Version 12.00
# Visual Studio Version 17
VisualStudioVersion = 17.9.34723.18
MinimumVisualStudioVersion = 10.0.40219.1
Project("{FAE04EC0-301F-11D3-BF4B-00C04F79EFBC}") = "Loop", "Loop\Loop.csproj", "{617CD77F-3EED-4F1D-8C37-CB028902DB5B}"
EndProject
Global
	GlobalSection(SolutionConfigurationPlatforms) = preSolution
		Debug|Any CPU = Debug|Any CPU
		Release|Any CPU = Release|Any CPU
	EndGlobalSection
	GlobalSection(ProjectConfigurationPlatforms) = postSolution
		{617CD77F-3EED-4F1D-8C37-CB028902DB5B}.Debug|Any CPU.ActiveCfg = Debug|Any CPU
		{617CD77F-3EED-4F1D-8C37-CB028902DB5B}.Debug|Any CPU.Build.0 = Debug|Any CPU
		{617CD77F-3EED-4F1D-8C37-CB028902DB5B}.Release|Any CPU.ActiveCfg = Release|Any CPU
		{617CD77F-3EED-4F1D-8C37-CB028902DB5B}.Release|Any CPU.Build.0 = Release|Any CPU
	EndGlobalSection
	GlobalSection(SolutionProperties) = preSolution
		HideSolutionNode = FALSE
	EndGlobalSection
	GlobalSection(ExtensibilityGlobals) = postSolution
		SolutionGuid = {5B53ED07-E5E5-4636-81CC-1C60E4167C86}
	EndGlobalSection
EndGlobal
